{
  "name": "usage-learn-lerna-by-mh",
  "version": "1.6.0",
  "lockfileVersion": 1,
  "requires": true,
  "dependencies": {
    "alpha-learn-lerna-by-mh": {
      "version": "1.6.0",
      "resolved": "https://registry.npmjs.org/alpha-learn-lerna-by-mh/-/alpha-learn-lerna-by-mh-1.6.0.tgz",
      "integrity": "sha512-3Gnp4bOleJ7qv97B4WP0yWu6gzFoqptZNbLaE37o9xnh/SOFOwJMpwStxcxwnuawjrbjTksEY8jYPVOLhnvZdQ=="
    },
    "beta-learn-lerna-by-mh": {
      "version": "1.5.0",
      "resolved": "https://registry.npmjs.org/beta-learn-lerna-by-mh/-/beta-learn-lerna-by-mh-1.5.0.tgz",
      "integrity": "sha512-AuvacKLNcvEnzVwMDBroAjfayTZM/cnAXHzKjqY5mAf1mbLqm1RaxLcOVhM1Pw4w9zasbVutdi+12SDKm/U0lQ=="
    }
  }
}
